
Microsoft Visual Studio Solution File, Format Version 12.00
# Visual Studio 15
VisualStudioVersion = 15.0.33801.198
MinimumVisualStudioVersion = 10.0.40219.1
Project("{FAE04EC0-301F-11D3-BF4B-00C04F79EFBC}") = "IBM_MQ_Demo", "IBM_MQ_Demo\IBM_MQ_Demo.csproj", "{AEEE68B9-F5E0-4061-8ED4-63E06DB4C226}"
EndProject
Global
	GlobalSection(SolutionConfigurationPlatforms) = preSolution
		Debug|Any CPU = Debug|Any CPU
		Release|Any CPU = Release|Any CPU
	EndGlobalSection
	GlobalSection(ProjectConfigurationPlatforms) = postSolution
		{AEEE68B9-F5E0-4061-8ED4-63E06DB4C226}.Debug|Any CPU.ActiveCfg = Debug|Any CPU
		{AEEE68B9-F5E0-4061-8ED4-63E06DB4C226}.Debug|Any CPU.Build.0 = Debug|Any CPU
		{AEEE68B9-F5E0-4061-8ED4-63E06DB4C226}.Release|Any CPU.ActiveCfg = Release|Any CPU
		{AEEE68B9-F5E0-4061-8ED4-63E06DB4C226}.Release|Any CPU.Build.0 = Release|Any CPU
	EndGlobalSection
	GlobalSection(SolutionProperties) = preSolution
		HideSolutionNode = FALSE
	EndGlobalSection
	GlobalSection(ExtensibilityGlobals) = postSolution
		SolutionGuid = {2E7BD102-3337-45B5-AB14-58C7FBA1C2FE}
	EndGlobalSection
EndGlobal
